<?xml version="1.0" encoding="utf-8"?>
<Project ToolsVersion="4.0" xmlns="http://schemas.microsoft.com/developer/msbuild/2003">
  <ItemGroup>
    <Filter Include="Source Files">
      <UniqueIdentifier>{4FC737F1-C7A5-4376-A066-2A32D752A2FF}</UniqueIdentifier>
      <Extensions>cpp;c;cc;cxx;def;odl;idl;hpj;bat;asm;asmx</Extensions>
    </Filter>
    <Filter Include="Header Files">
      <UniqueIdentifier>{93995380-89BD-4b04-88EB-625FBE52EBFB}</UniqueIdentifier>
      <Extensions>h;hh;hpp;hxx;hm;inl;inc;xsd</Extensions>
    </Filter>
    <Filter Include="Resource Files">
      <UniqueIdentifier>{67DA6AB6-F800-4c08-8B7A-83BB121AAD01}</UniqueIdentifier>
      <Extensions>rc;ico;cur;bmp;dlg;rc2;rct;bin;rgs;gif;jpg;jpeg;jpe;resx;tiff;tif;png;wav;mfcribbon-ms</Extensions>
    </Filter>
  </ItemGroup>
  <ItemGroup>
    <ClInclude Include="..\..\engine\boom.h">
      <Filter>Header Files</Filter>
    </ClInclude>
    <ClInclude Include="..\..\engine\collide.h">
      <Filter>Header Files</Filter>
    </ClInclude>
    <ClInclude Include="..\..\direct3d\display.h">
      <Filter>Header Files</Filter>
    </ClInclude>
    <ClInclude Include="..\..\engine\draw.h">
      <Filter>Header Files</Filter>
    </ClInclude>
    <ClInclude Include="..\..\engine\geom.h">
      <Filter>Header Files</Filter>
    </ClInclude>
    <ClInclude Include="..\..\direct3d\mipmap.h">
      <Filter>Header Files</Filter>
    </ClInclude>
    <ClInclude Include="..\..\engine\player.h">
      <Filter>Header Files</Filter>
    </ClInclude>
    <ClInclude Include="..\..\engine\read.h">
      <Filter>Header Files</Filter>
    </ClInclude>
    <ClInclude Include="..\..\direct3d\system.h">
      <Filter>Header Files</Filter>
    </ClInclude>
    <ClInclude Include="..\..\engine\clip.h">
      <Filter>Header Files</Filter>
    </ClInclude>
    <ClInclude Include="..\..\engine\cluster.h">
      <Filter>Header Files</Filter>
    </ClInclude>
    <ClInclude Include="..\..\direct3d\texd3d.h">
      <Filter>Header Files</Filter>
    </ClInclude>
    <ClInclude Include="..\..\engine\hole.h">
      <Filter>Header Files</Filter>
    </ClInclude>
    <ClInclude Include="..\..\engine\line.h">
      <Filter>Header Files</Filter>
    </ClInclude>
    <ClInclude Include="..\..\engine\map.h">
      <Filter>Header Files</Filter>
    </ClInclude>
    <ClInclude Include="..\..\engine\mapitem.h">
      <Filter>Header Files</Filter>
    </ClInclude>
    <ClInclude Include="..\..\engine\portal.h">
      <Filter>Header Files</Filter>
    </ClInclude>
    <ClInclude Include="..\..\engine\sector.h">
      <Filter>Header Files</Filter>
    </ClInclude>
    <ClInclude Include="..\..\engine\texture.h">
      <Filter>Header Files</Filter>
    </ClInclude>
    <ClInclude Include="..\..\engine\trap.h">
      <Filter>Header Files</Filter>
    </ClInclude>
    <ClInclude Include="..\..\engine\wall.h">
      <Filter>Header Files</Filter>
    </ClInclude>
    <ClInclude Include="..\..\engine\types.h">
      <Filter>Header Files</Filter>
    </ClInclude>
    <ClInclude Include="..\..\engine\write.h">
      <Filter>Header Files</Filter>
    </ClInclude>
  </ItemGroup>
  <ItemGroup>
    <ClCompile Include="..\..\engine\collide.cpp">
      <Filter>Source Files</Filter>
    </ClCompile>
    <ClCompile Include="..\..\win32\dialog.cpp">
      <Filter>Source Files</Filter>
    </ClCompile>
    <ClCompile Include="..\..\direct3d\display.cpp">
      <Filter>Source Files</Filter>
    </ClCompile>
    <ClCompile Include="..\..\engine\draw.cpp">
      <Filter>Source Files</Filter>
    </ClCompile>
    <ClCompile Include="..\..\engine\geom.cpp">
      <Filter>Source Files</Filter>
    </ClCompile>
    <ClCompile Include="..\..\direct3d\mipmap.cpp">
      <Filter>Source Files</Filter>
    </ClCompile>
    <ClCompile Include="..\..\engine\player.cpp">
      <Filter>Source Files</Filter>
    </ClCompile>
    <ClCompile Include="..\..\engine\read.cpp">
      <Filter>Source Files</Filter>
    </ClCompile>
    <ClCompile Include="..\..\direct3d\system.cpp">
      <Filter>Source Files</Filter>
    </ClCompile>
    <ClCompile Include="..\..\engine\clip.cpp">
      <Filter>Source Files</Filter>
    </ClCompile>
    <ClCompile Include="..\..\engine\cluster.cpp">
      <Filter>Source Files</Filter>
    </ClCompile>
    <ClCompile Include="..\..\direct3d\texd3d.cpp">
      <Filter>Source Files</Filter>
    </ClCompile>
    <ClCompile Include="..\..\engine\hole.cpp">
      <Filter>Source Files</Filter>
    </ClCompile>
    <ClCompile Include="..\..\engine\line.cpp">
      <Filter>Source Files</Filter>
    </ClCompile>
    <ClCompile Include="..\..\engine\map.cpp">
      <Filter>Source Files</Filter>
    </ClCompile>
    <ClCompile Include="..\..\engine\mapitem.cpp">
      <Filter>Source Files</Filter>
    </ClCompile>
    <ClCompile Include="..\..\engine\portal.cpp">
      <Filter>Source Files</Filter>
    </ClCompile>
    <ClCompile Include="..\..\engine\sector.cpp">
      <Filter>Source Files</Filter>
    </ClCompile>
    <ClCompile Include="..\..\engine\texture.cpp">
      <Filter>Source Files</Filter>
    </ClCompile>
    <ClCompile Include="..\..\engine\trap.cpp">
      <Filter>Source Files</Filter>
    </ClCompile>
    <ClCompile Include="..\..\engine\wall.cpp">
      <Filter>Source Files</Filter>
    </ClCompile>
    <ClCompile Include="..\..\engine\write.cpp">
      <Filter>Source Files</Filter>
    </ClCompile>
  </ItemGroup>
</Project>