<?xml version="1.0" encoding="utf-8"?>
<Project ToolsVersion="4.0" xmlns="http://schemas.microsoft.com/developer/msbuild/2003">
  <ItemGroup>
    <Filter Include="Source Files">
      <UniqueIdentifier>{4FC737F1-C7A5-4376-A066-2A32D752A2FF}</UniqueIdentifier>
      <Extensions>cpp;c;cc;cxx;def;odl;idl;hpj;bat;asm;asmx</Extensions>
    </Filter>
    <Filter Include="Header Files">
      <UniqueIdentifier>{93995380-89BD-4b04-88EB-625FBE52EBFB}</UniqueIdentifier>
      <Extensions>h;hh;hpp;hxx;hm;inl;inc;xsd</Extensions>
    </Filter>
    <Filter Include="Resource Files">
      <UniqueIdentifier>{67DA6AB6-F800-4c08-8B7A-83BB121AAD01}</UniqueIdentifier>
      <Extensions>rc;ico;cur;bmp;dlg;rc2;rct;bin;rgs;gif;jpg;jpeg;jpe;resx;tiff;tif;png;wav;mfcribbon-ms</Extensions>
    </Filter>
    <Filter Include="Header Files\Win32">
      <UniqueIdentifier>{d5796552-d50e-4106-895e-0a124d0eda55}</UniqueIdentifier>
      <Extensions>
      </Extensions>
    </Filter>
    <Filter Include="Header Files\Direct3D">
      <UniqueIdentifier>{e5f1e4c4-5253-4efb-aa4f-1e30298a1f84}</UniqueIdentifier>
    </Filter>
    <Filter Include="Source Files\Win32">
      <UniqueIdentifier>{4604d250-3606-439f-b259-b974fb7469ea}</UniqueIdentifier>
    </Filter>
    <Filter Include="Source Files\Direct3D">
      <UniqueIdentifier>{4188f36d-cec5-4802-8d66-d1db3e84bcad}</UniqueIdentifier>
    </Filter>
  </ItemGroup>
  <ItemGroup>
    <ClCompile Include="..\..\boomd3d\boomd3d.cpp">
      <Filter>Source Files</Filter>
    </ClCompile>
    <ClCompile Include="..\..\boomd3d\mouse.cpp">
      <Filter>Source Files</Filter>
    </ClCompile>
    <ClCompile Include="..\..\win32\Dialog.cpp">
      <Filter>Source Files\Win32</Filter>
    </ClCompile>
    <ClCompile Include="..\..\direct3d\Display.cpp">
      <Filter>Source Files\Direct3D</Filter>
    </ClCompile>
    <ClCompile Include="..\..\direct3d\MipMap.cpp">
      <Filter>Source Files\Direct3D</Filter>
    </ClCompile>
    <ClCompile Include="..\..\direct3d\System.cpp">
      <Filter>Source Files\Direct3D</Filter>
    </ClCompile>
    <ClCompile Include="..\..\direct3d\Texd3d.cpp">
      <Filter>Source Files\Direct3D</Filter>
    </ClCompile>
    <ClCompile Include="..\..\win32\Win32.cpp">
      <Filter>Source Files\Win32</Filter>
    </ClCompile>
  </ItemGroup>
  <ItemGroup>
    <ResourceCompile Include="..\..\boomd3d\boomd3d.rc">
      <Filter>Resource Files</Filter>
    </ResourceCompile>
  </ItemGroup>
  <ItemGroup>
    <ClInclude Include="..\..\boomd3d\mouse.h">
      <Filter>Header Files</Filter>
    </ClInclude>
    <ClInclude Include="..\..\boomd3d\Resource.h">
      <Filter>Header Files</Filter>
    </ClInclude>
    <ClInclude Include="..\..\win32\Dialog.h">
      <Filter>Header Files\Win32</Filter>
    </ClInclude>
    <ClInclude Include="..\..\direct3d\Display.h">
      <Filter>Header Files\Direct3D</Filter>
    </ClInclude>
    <ClInclude Include="..\..\direct3d\MipMap.h">
      <Filter>Header Files\Direct3D</Filter>
    </ClInclude>
    <ClInclude Include="..\..\direct3d\System.h">
      <Filter>Header Files\Direct3D</Filter>
    </ClInclude>
    <ClInclude Include="..\..\direct3d\Texd3d.h">
      <Filter>Header Files\Direct3D</Filter>
    </ClInclude>
    <ClInclude Include="..\..\win32\Win32.h">
      <Filter>Header Files\Win32</Filter>
    </ClInclude>
  </ItemGroup>
</Project>